// !$*UTF8*$!
{
	archiveVersion = 1;
	classes = {
	};
	objectVersion = 50;
	objects = {

/* Begin PBXBuildFile section */
		07ED70032491B79E00F864DE /* AppDelegate.swift in Sources */ = {isa = PBXBuildFile; fileRef = 07ED70022491B79E00F864DE /* AppDelegate.swift */; };
		07ED70052491B79E00F864DE /* SceneDelegate.swift in Sources */ = {isa = PBXBuildFile; fileRef = 07ED70042491B79E00F864DE /* SceneDelegate.swift */; };
		07ED70072491B79E00F864DE /* ViewController.swift in Sources */ = {isa = PBXBuildFile; fileRef = 07ED70062491B79E00F864DE /* ViewController.swift */; };
		07ED700A2491B79E00F864DE /* Main.storyboard in Resources */ = {isa = PBXBuildFile; fileRef = 07ED70082491B79E00F864DE /* Main.storyboard */; };
		07ED700C2491B7A200F864DE /* Assets.xcassets in Resources */ = {isa = PBXBuildFile; fileRef = 07ED700B2491B7A200F864DE /* Assets.xcassets */; };
		07ED700F2491B7A200F864DE /* LaunchScreen.storyboard in Resources */ = {isa = PBXBuildFile; fileRef = 07ED700D2491B7A200F864DE /* LaunchScreen.storyboard */; };
		07ED70192491BFB800F864DE /* CategoryMovieCell.swift in Sources */ = {isa = PBXBuildFile; fileRef = 07ED70172491BFB700F864DE /* CategoryMovieCell.swift */; };
		07ED70202491C47C00F864DE /* HomeController.swift in Sources */ = {isa = PBXBuildFile; fileRef = 07ED701F2491C47C00F864DE /* HomeController.swift */; };
		07ED70222491C49800F864DE /* HomeModel.swift in Sources */ = {isa = PBXBuildFile; fileRef = 07ED70212491C49800F864DE /* HomeModel.swift */; };
		07ED70262491CE7400F864DE /* DataServices.swift in Sources */ = {isa = PBXBuildFile; fileRef = 07ED70252491CE7400F864DE /* DataServices.swift */; };
/* End PBXBuildFile section */

/* Begin PBXFileReference section */
		07ED6FFF2491B79E00F864DE /* Qiflix.app */ = {isa = PBXFileReference; explicitFileType = wrapper.application; includeInIndex = 0; path = Qiflix.app; sourceTree = BUILT_PRODUCTS_DIR; };
		07ED70022491B79E00F864DE /* AppDelegate.swift */ = {isa = PBXFileReference; lastKnownFileType = sourcecode.swift; path = AppDelegate.swift; sourceTree = "<group>"; };
		07ED70042491B79E00F864DE /* SceneDelegate.swift */ = {isa = PBXFileReference; lastKnownFileType = sourcecode.swift; path = SceneDelegate.swift; sourceTree = "<group>"; };
		07ED70062491B79E00F864DE /* ViewController.swift */ = {isa = PBXFileReference; lastKnownFileType = sourcecode.swift; path = ViewController.swift; sourceTree = "<group>"; };
		07ED70092491B79E00F864DE /* Base */ = {isa = PBXFileReference; lastKnownFileType = file.storyboard; name = Base; path = Base.lproj/Main.storyboard; sourceTree = "<group>"; };
		07ED700B2491B7A200F864DE /* Assets.xcassets */ = {isa = PBXFileReference; lastKnownFileType = folder.assetcatalog; path = Assets.xcassets; sourceTree = "<group>"; };
		07ED700E2491B7A200F864DE /* Base */ = {isa = PBXFileReference; lastKnownFileType = file.storyboard; name = Base; path = Base.lproj/LaunchScreen.storyboard; sourceTree = "<group>"; };
		07ED70102491B7A200F864DE /* Info.plist */ = {isa = PBXFileReference; lastKnownFileType = text.plist.xml; path = Info.plist; sourceTree = "<group>"; };
		07ED70172491BFB700F864DE /* CategoryMovieCell.swift */ = {isa = PBXFileReference; lastKnownFileType = sourcecode.swift; path = CategoryMovieCell.swift; sourceTree = "<group>"; };
		07ED701F2491C47C00F864DE /* HomeController.swift */ = {isa = PBXFileReference; lastKnownFileType = sourcecode.swift; path = HomeController.swift; sourceTree = "<group>"; };
		07ED70212491C49800F864DE /* HomeModel.swift */ = {isa = PBXFileReference; lastKnownFileType = sourcecode.swift; path = HomeModel.swift; sourceTree = "<group>"; };
		07ED70252491CE7400F864DE /* DataServices.swift */ = {isa = PBXFileReference; lastKnownFileType = sourcecode.swift; path = DataServices.swift; sourceTree = "<group>"; };
/* End PBXFileReference section */

/* Begin PBXFrameworksBuildPhase section */
		07ED6FFC2491B79E00F864DE /* Frameworks */ = {
			isa = PBXFrameworksBuildPhase;
			buildActionMask = 2147483647;
			files = (
			);
			runOnlyForDeploymentPostprocessing = 0;
		};
/* End PBXFrameworksBuildPhase section */

/* Begin PBXGroup section */
		07ED6FF62491B79E00F864DE = {
			isa = PBXGroup;
			children = (
				07ED70012491B79E00F864DE /* Qiflix */,
				07ED70002491B79E00F864DE /* Products */,
			);
			sourceTree = "<group>";
		};
		07ED70002491B79E00F864DE /* Products */ = {
			isa = PBXGroup;
			children = (
				07ED6FFF2491B79E00F864DE /* Qiflix.app */,
			);
			name = Products;
			sourceTree = "<group>";
		};
		07ED70012491B79E00F864DE /* Qiflix */ = {
			isa = PBXGroup;
			children = (
				07ED701E2491C43E00F864DE /* Services */,
				07ED70162491BF7100F864DE /* View */,
				07ED701C2491C42E00F864DE /* Model */,
				07ED701D2491C43700F864DE /* Controller */,
				07ED70022491B79E00F864DE /* AppDelegate.swift */,
				07ED70042491B79E00F864DE /* SceneDelegate.swift */,
				07ED70062491B79E00F864DE /* ViewController.swift */,
				07ED70082491B79E00F864DE /* Main.storyboard */,
				07ED700B2491B7A200F864DE /* Assets.xcassets */,
				07ED700D2491B7A200F864DE /* LaunchScreen.storyboard */,
				07ED70102491B7A200F864DE /* Info.plist */,
			);
			path = Qiflix;
			sourceTree = "<group>";
		};
		07ED70162491BF7100F864DE /* View */ = {
			isa = PBXGroup;
			children = (
				07ED70172491BFB700F864DE /* CategoryMovieCell.swift */,
			);
			path = View;
			sourceTree = "<group>";
		};
		07ED701C2491C42E00F864DE /* Model */ = {
			isa = PBXGroup;
			children = (
				07ED70212491C49800F864DE /* HomeModel.swift */,
			);
			path = Model;
			sourceTree = "<group>";
		};
		07ED701D2491C43700F864DE /* Controller */ = {
			isa = PBXGroup;
			children = (
				07ED701F2491C47C00F864DE /* HomeController.swift */,
			);
			path = Controller;
			sourceTree = "<group>";
		};
		07ED701E2491C43E00F864DE /* Services */ = {
			isa = PBXGroup;
			children = (
				07ED70252491CE7400F864DE /* DataServices.swift */,
			);
			path = Services;
			sourceTree = "<group>";
		};
/* End PBXGroup section */

/* Begin PBXNativeTarget section */
		07ED6FFE2491B79E00F864DE /* Qiflix */ = {
			isa = PBXNativeTarget;
			buildConfigurationList = 07ED70132491B7A200F864DE /* Build configuration list for PBXNativeTarget "Qiflix" */;
			buildPhases = (
				07ED6FFB2491B79E00F864DE /* Sources */,
				07ED6FFC2491B79E00F864DE /* Frameworks */,
				07ED6FFD2491B79E00F864DE /* Resources */,
			);
			buildRules = (
			);
			dependencies = (
			);
			name = Qiflix;
			productName = Qiflix;
			productReference = 07ED6FFF2491B79E00F864DE /* Qiflix.app */;
			productType = "com.apple.product-type.application";
		};
/* End PBXNativeTarget section */

/* Begin PBXProject section */
		07ED6FF72491B79E00F864DE /* Project object */ = {
			isa = PBXProject;
			attributes = {
				LastSwiftUpdateCheck = 1130;
				LastUpgradeCheck = 1130;
				ORGANIZATIONNAME = "Rifqi Alfaizi";
				TargetAttributes = {
					07ED6FFE2491B79E00F864DE = {
						CreatedOnToolsVersion = 11.3.1;
					};
				};
			};
			buildConfigurationList = 07ED6FFA2491B79E00F864DE /* Build configuration list for PBXProject "Qiflix" */;
			compatibilityVersion = "Xcode 9.3";
			developmentRegion = en;
			hasScannedForEncodings = 0;
			knownRegions = (
				en,
				Base,
			);
			mainGroup = 07ED6FF62491B79E00F864DE;
			productRefGroup = 07ED70002491B79E00F864DE /* Products */;
			projectDirPath = "";
			projectRoot = "";
			targets = (
				07ED6FFE2491B79E00F864DE /* Qiflix */,
			);
		};
/* End PBXProject section */

/* Begin PBXResourcesBuildPhase section */
		07ED6FFD2491B79E00F864DE /* Resources */ = {
			isa = PBXResourcesBuildPhase;
			buildActionMask = 2147483647;
			files = (
				07ED700F2491B7A200F864DE /* LaunchScreen.storyboard in Resources */,
				07ED700C2491B7A200F864DE /* Assets.xcassets in Resources */,
				07ED700A2491B79E00F864DE /* Main.storyboard in Resources */,
			);
			runOnlyForDeploymentPostprocessing = 0;
		};
/* End PBXResourcesBuildPhase section */

/* Begin PBXSourcesBuildPhase section */
		07ED6FFB2491B79E00F864DE /* Sources */ = {
			isa = PBXSourcesBuildPhase;
			buildActionMask = 2147483647;
			files = (
				07ED70192491BFB800F864DE /* CategoryMovieCell.swift in Sources */,
				07ED70262491CE7400F864DE /* DataServices.swift in Sources */,
				07ED70072491B79E00F864DE /* ViewController.swift in Sources */,
				07ED70222491C49800F864DE /* HomeModel.swift in Sources */,
				07ED70032491B79E00F864DE /* AppDelegate.swift in Sources */,
				07ED70052491B79E00F864DE /* SceneDelegate.swift in Sources */,
				07ED70202491C47C00F864DE /* HomeController.swift in Sources */,
			);
			runOnlyForDeploymentPostprocessing = 0;
		};
/* End PBXSourcesBuildPhase section */

/* Begin PBXVariantGroup section */
		07ED70082491B79E00F864DE /* Main.storyboard */ = {
			isa = PBXVariantGroup;
			children = (
				07ED70092491B79E00F864DE /* Base */,
			);
			name = Main.storyboard;
			sourceTree = "<group>";
		};
		07ED700D2491B7A200F864DE /* LaunchScreen.storyboard */ = {
			isa = PBXVariantGroup;
			children = (
				07ED700E2491B7A200F864DE /* Base */,
			);
			name = LaunchScreen.storyboard;
			sourceTree = "<group>";
		};
/* End PBXVariantGroup section */

/* Begin XCBuildConfiguration section */
		07ED70112491B7A200F864DE /* Debug */ = {
			isa = XCBuildConfiguration;
			buildSettings = {
				ALWAYS_SEARCH_USER_PATHS = NO;
				CLANG_ANALYZER_NONNULL = YES;
				CLANG_ANALYZER_NUMBER_OBJECT_CONVERSION = YES_AGGRESSIVE;
				CLANG_CXX_LANGUAGE_STANDARD = "gnu++14";
				CLANG_CXX_LIBRARY = "libc++";
				CLANG_ENABLE_MODULES = YES;
				CLANG_ENABLE_OBJC_ARC = YES;
				CLANG_ENABLE_OBJC_WEAK = YES;
				CLANG_WARN_BLOCK_CAPTURE_AUTORELEASING = YES;
				CLANG_WARN_BOOL_CONVERSION = YES;
				CLANG_WARN_COMMA = YES;
				CLANG_WARN_CONSTANT_CONVERSION = YES;
				CLANG_WARN_DEPRECATED_OBJC_IMPLEMENTATIONS = YES;
				CLANG_WARN_DIRECT_OBJC_ISA_USAGE = YES_ERROR;
				CLANG_WARN_DOCUMENTATION_COMMENTS = YES;
				CLANG_WARN_EMPTY_BODY = YES;
				CLANG_WARN_ENUM_CONVERSION = YES;
				CLANG_WARN_INFINITE_RECURSION = YES;
				CLANG_WARN_INT_CONVERSION = YES;
				CLANG_WARN_NON_LITERAL_NULL_CONVERSION = YES;
				CLANG_WARN_OBJC_IMPLICIT_RETAIN_SELF = YES;
				CLANG_WARN_OBJC_LITERAL_CONVERSION = YES;
				CLANG_WARN_OBJC_ROOT_CLASS = YES_ERROR;
				CLANG_WARN_RANGE_LOOP_ANALYSIS = YES;
				CLANG_WARN_STRICT_PROTOTYPES = YES;
				CLANG_WARN_SUSPICIOUS_MOVE = YES;
				CLANG_WARN_UNGUARDED_AVAILABILITY = YES_AGGRESSIVE;
				CLANG_WARN_UNREACHABLE_CODE = YES;
				CLANG_WARN__DUPLICATE_METHOD_MATCH = YES;
				COPY_PHASE_STRIP = NO;
				DEBUG_INFORMATION_FORMAT = dwarf;
				ENABLE_STRICT_OBJC_MSGSEND = YES;
				ENABLE_TESTABILITY = YES;
				GCC_C_LANGUAGE_STANDARD = gnu11;
				GCC_DYNAMIC_NO_PIC = NO;
				GCC_NO_COMMON_BLOCKS = YES;
				GCC_OPTIMIZATION_LEVEL = 0;
				GCC_PREPROCESSOR_DEFINITIONS = (
					"DEBUG=1",
					"$(inherited)",
				);
				GCC_WARN_64_TO_32_BIT_CONVERSION = YES;
				GCC_WARN_ABOUT_RETURN_TYPE = YES_ERROR;
				GCC_WARN_UNDECLARED_SELECTOR = YES;
				GCC_WARN_UNINITIALIZED_AUTOS = YES_AGGRESSIVE;
				GCC_WARN_UNUSED_FUNCTION = YES;
				GCC_WARN_UNUSED_VARIABLE = YES;
				IPHONEOS_DEPLOYMENT_TARGET = 13.2;
				MTL_ENABLE_DEBUG_INFO = INCLUDE_SOURCE;
				MTL_FAST_MATH = YES;
				ONLY_ACTIVE_ARCH = YES;
				SDKROOT = iphoneos;
				SWIFT_ACTIVE_COMPILATION_CONDITIONS = DEBUG;
				SWIFT_OPTIMIZATION_LEVEL = "-Onone";
			};
			name = Debug;
		};
		07ED70122491B7A200F864DE /* Release */ = {
			isa = XCBuildConfiguration;
			buildSettings = {
				ALWAYS_SEARCH_USER_PATHS = NO;
				CLANG_ANALYZER_NONNULL = YES;
				CLANG_ANALYZER_NUMBER_OBJECT_CONVERSION = YES_AGGRESSIVE;
				CLANG_CXX_LANGUAGE_STANDARD = "gnu++14";
				CLANG_CXX_LIBRARY = "libc++";
				CLANG_ENABLE_MODULES = YES;
				CLANG_ENABLE_OBJC_ARC = YES;
				CLANG_ENABLE_OBJC_WEAK = YES;
				CLANG_WARN_BLOCK_CAPTURE_AUTORELEASING = YES;
				CLANG_WARN_BOOL_CONVERSION = YES;
				CLANG_WARN_COMMA = YES;
				CLANG_WARN_CONSTANT_CONVERSION = YES;
				CLANG_WARN_DEPRECATED_OBJC_IMPLEMENTATIONS = YES;
				CLANG_WARN_DIRECT_OBJC_ISA_USAGE = YES_ERROR;
				CLANG_WARN_DOCUMENTATION_COMMENTS = YES;
				CLANG_WARN_EMPTY_BODY = YES;
				CLANG_WARN_ENUM_CONVERSION = YES;
				CLANG_WARN_INFINITE_RECURSION = YES;
				CLANG_WARN_INT_CONVERSION = YES;
				CLANG_WARN_NON_LITERAL_NULL_CONVERSION = YES;
				CLANG_WARN_OBJC_IMPLICIT_RETAIN_SELF = YES;
				CLANG_WARN_OBJC_LITERAL_CONVERSION = YES;
				CLANG_WARN_OBJC_ROOT_CLASS = YES_ERROR;
				CLANG_WARN_RANGE_LOOP_ANALYSIS = YES;
				CLANG_WARN_STRICT_PROTOTYPES = YES;
				CLANG_WARN_SUSPICIOUS_MOVE = YES;
				CLANG_WARN_UNGUARDED_AVAILABILITY = YES_AGGRESSIVE;
				CLANG_WARN_UNREACHABLE_CODE = YES;
				CLANG_WARN__DUPLICATE_METHOD_MATCH = YES;
				COPY_PHASE_STRIP = NO;
				DEBUG_INFORMATION_FORMAT = "dwarf-with-dsym";
				ENABLE_NS_ASSERTIONS = NO;
				ENABLE_STRICT_OBJC_MSGSEND = YES;
				GCC_C_LANGUAGE_STANDARD = gnu11;
				GCC_NO_COMMON_BLOCKS = YES;
				GCC_WARN_64_TO_32_BIT_CONVERSION = YES;
				GCC_WARN_ABOUT_RETURN_TYPE = YES_ERROR;
				GCC_WARN_UNDECLARED_SELECTOR = YES;
				GCC_WARN_UNINITIALIZED_AUTOS = YES_AGGRESSIVE;
				GCC_WARN_UNUSED_FUNCTION = YES;
				GCC_WARN_UNUSED_VARIABLE = YES;
				IPHONEOS_DEPLOYMENT_TARGET = 13.2;
				MTL_ENABLE_DEBUG_INFO = NO;
				MTL_FAST_MATH = YES;
				SDKROOT = iphoneos;
				SWIFT_COMPILATION_MODE = wholemodule;
				SWIFT_OPTIMIZATION_LEVEL = "-O";
				VALIDATE_PRODUCT = YES;
			};
			name = Release;
		};
		07ED70142491B7A200F864DE /* Debug */ = {
			isa = XCBuildConfiguration;
			buildSettings = {
				ASSETCATALOG_COMPILER_APPICON_NAME = AppIcon;
				CODE_SIGN_STYLE = Automatic;
				DEVELOPMENT_TEAM = DQ8BV97XCZ;
				INFOPLIST_FILE = Qiflix/Info.plist;
				LD_RUNPATH_SEARCH_PATHS = (
					"$(inherited)",
					"@executable_path/Frameworks",
				);
				PRODUCT_BUNDLE_IDENTIFIER = com.rifqialfaizi.Qiflix;
				PRODUCT_NAME = "$(TARGET_NAME)";
				SWIFT_VERSION = 5.0;
				TARGETED_DEVICE_FAMILY = "1,2";
			};
			name = Debug;
		};
		07ED70152491B7A200F864DE /* Release */ = {
			isa = XCBuildConfiguration;
			buildSettings = {
				ASSETCATALOG_COMPILER_APPICON_NAME = AppIcon;
				CODE_SIGN_STYLE = Automatic;
				DEVELOPMENT_TEAM = DQ8BV97XCZ;
				INFOPLIST_FILE = Qiflix/Info.plist;
				LD_RUNPATH_SEARCH_PATHS = (
					"$(inherited)",
					"@executable_path/Frameworks",
				);
				PRODUCT_BUNDLE_IDENTIFIER = com.rifqialfaizi.Qiflix;
				PRODUCT_NAME = "$(TARGET_NAME)";
				SWIFT_VERSION = 5.0;
				TARGETED_DEVICE_FAMILY = "1,2";
			};
			name = Release;
		};
/* End XCBuildConfiguration section */

/* Begin XCConfigurationList section */
		07ED6FFA2491B79E00F864DE /* Build configuration list for PBXProject "Qiflix" */ = {
			isa = XCConfigurationList;
			buildConfigurations = (
				07ED70112491B7A200F864DE /* Debug */,
				07ED70122491B7A200F864DE /* Release */,
			);
			defaultConfigurationIsVisible = 0;
			defaultConfigurationName = Release;
		};
		07ED70132491B7A200F864DE /* Build configuration list for PBXNativeTarget "Qiflix" */ = {
			isa = XCConfigurationList;
			buildConfigurations = (
				07ED70142491B7A200F864DE /* Debug */,
				07ED70152491B7A200F864DE /* Release */,
			);
			defaultConfigurationIsVisible = 0;
			defaultConfigurationName = Release;
		};
/* End XCConfigurationList section */
	};
	rootObject = 07ED6FF72491B79E00F864DE /* Project object */;
}
